// !$*UTF8*$!
{
	archiveVersion = 1;
	classes = {
	};
	objectVersion = 46;
	objects = {

/* Begin PBXBuildFile section */
		07DA550E70F0403D33FA8654 /* Pods_InstaSinger.framework in Frameworks */ = {isa = PBXBuildFile; fileRef = 2836B8D405F31DDC8B464E6F /* Pods_InstaSinger.framework */; };
		282487EA1DCFCDE1001E3847 /* HomeViewController.swift in Sources */ = {isa = PBXBuildFile; fileRef = 282487E91DCFCDE1001E3847 /* HomeViewController.swift */; };
		286292641DCF50860049D3A8 /* AppDelegate.swift in Sources */ = {isa = PBXBuildFile; fileRef = 286292631DCF50860049D3A8 /* AppDelegate.swift */; };
		286292661DCF50860049D3A8 /* ViewController.swift in Sources */ = {isa = PBXBuildFile; fileRef = 286292651DCF50860049D3A8 /* ViewController.swift */; };
		286292691DCF50860049D3A8 /* Main.storyboard in Resources */ = {isa = PBXBuildFile; fileRef = 286292671DCF50860049D3A8 /* Main.storyboard */; };
		2862926E1DCF50860049D3A8 /* Assets.xcassets in Resources */ = {isa = PBXBuildFile; fileRef = 2862926D1DCF50860049D3A8 /* Assets.xcassets */; };
		286292711DCF50860049D3A8 /* LaunchScreen.storyboard in Resources */ = {isa = PBXBuildFile; fileRef = 2862926F1DCF50860049D3A8 /* LaunchScreen.storyboard */; };
		286292791DCF513D0049D3A8 /* CameraViewController.swift in Sources */ = {isa = PBXBuildFile; fileRef = 286292781DCF513D0049D3A8 /* CameraViewController.swift */; };
		2862927B1DCF51EE0049D3A8 /* DraggableThumbnail.swift in Sources */ = {isa = PBXBuildFile; fileRef = 2862927A1DCF51EE0049D3A8 /* DraggableThumbnail.swift */; };
		2862927D1DCF6A220049D3A8 /* Thumbnail.swift in Sources */ = {isa = PBXBuildFile; fileRef = 2862927C1DCF6A220049D3A8 /* Thumbnail.swift */; };
		286709031DD4E2800003CA42 /* InstaSinger.xcdatamodeld in Sources */ = {isa = PBXBuildFile; fileRef = 286709011DD4E2800003CA42 /* InstaSinger.xcdatamodeld */; };
		286709051DD4E3410003CA42 /* GoogleService-Info.plist in Resources */ = {isa = PBXBuildFile; fileRef = 286709041DD4E3410003CA42 /* GoogleService-Info.plist */; };
		286837501DD2838A00EC724F /* ProfileViewController.swift in Sources */ = {isa = PBXBuildFile; fileRef = 2868374F1DD2838A00EC724F /* ProfileViewController.swift */; };
		28B298DA1DD35B75007A5DD0 /* Videos.swift in Sources */ = {isa = PBXBuildFile; fileRef = 28B298D91DD35B75007A5DD0 /* Videos.swift */; };
		28E110C61DD35D2100AA746E /* UserInfo.swift in Sources */ = {isa = PBXBuildFile; fileRef = 28E110C51DD35D2100AA746E /* UserInfo.swift */; };
		28E1110F1DD3E8B900AA746E /* CustomTabBarViewController.swift in Sources */ = {isa = PBXBuildFile; fileRef = 28E1110E1DD3E8B900AA746E /* CustomTabBarViewController.swift */; };
/* End PBXBuildFile section */

/* Begin PBXFileReference section */
		282487E91DCFCDE1001E3847 /* HomeViewController.swift */ = {isa = PBXFileReference; fileEncoding = 4; lastKnownFileType = sourcecode.swift; path = HomeViewController.swift; sourceTree = "<group>"; };
		2836B8D405F31DDC8B464E6F /* Pods_InstaSinger.framework */ = {isa = PBXFileReference; explicitFileType = wrapper.framework; includeInIndex = 0; path = Pods_InstaSinger.framework; sourceTree = BUILT_PRODUCTS_DIR; };
		286292601DCF50860049D3A8 /* InstaSinger.app */ = {isa = PBXFileReference; explicitFileType = wrapper.application; includeInIndex = 0; path = InstaSinger.app; sourceTree = BUILT_PRODUCTS_DIR; };
		286292631DCF50860049D3A8 /* AppDelegate.swift */ = {isa = PBXFileReference; lastKnownFileType = sourcecode.swift; path = AppDelegate.swift; sourceTree = "<group>"; };
		286292651DCF50860049D3A8 /* ViewController.swift */ = {isa = PBXFileReference; lastKnownFileType = sourcecode.swift; path = ViewController.swift; sourceTree = "<group>"; };
		286292681DCF50860049D3A8 /* Base */ = {isa = PBXFileReference; lastKnownFileType = file.storyboard; name = Base; path = Base.lproj/Main.storyboard; sourceTree = "<group>"; };
		2862926D1DCF50860049D3A8 /* Assets.xcassets */ = {isa = PBXFileReference; lastKnownFileType = folder.assetcatalog; path = Assets.xcassets; sourceTree = "<group>"; };
		286292701DCF50860049D3A8 /* Base */ = {isa = PBXFileReference; lastKnownFileType = file.storyboard; name = Base; path = Base.lproj/LaunchScreen.storyboard; sourceTree = "<group>"; };
		286292721DCF50860049D3A8 /* Info.plist */ = {isa = PBXFileReference; lastKnownFileType = text.plist.xml; path = Info.plist; sourceTree = "<group>"; };
		286292781DCF513D0049D3A8 /* CameraViewController.swift */ = {isa = PBXFileReference; fileEncoding = 4; lastKnownFileType = sourcecode.swift; path = CameraViewController.swift; sourceTree = "<group>"; };
		2862927A1DCF51EE0049D3A8 /* DraggableThumbnail.swift */ = {isa = PBXFileReference; fileEncoding = 4; lastKnownFileType = sourcecode.swift; path = DraggableThumbnail.swift; sourceTree = "<group>"; };
		2862927C1DCF6A220049D3A8 /* Thumbnail.swift */ = {isa = PBXFileReference; fileEncoding = 4; lastKnownFileType = sourcecode.swift; path = Thumbnail.swift; sourceTree = "<group>"; };
		286709021DD4E2800003CA42 /* InstaSinger.xcdatamodel */ = {isa = PBXFileReference; lastKnownFileType = wrapper.xcdatamodel; path = InstaSinger.xcdatamodel; sourceTree = "<group>"; };
		286709041DD4E3410003CA42 /* GoogleService-Info.plist */ = {isa = PBXFileReference; fileEncoding = 4; lastKnownFileType = text.plist.xml; path = "GoogleService-Info.plist"; sourceTree = "<group>"; };
		2868374F1DD2838A00EC724F /* ProfileViewController.swift */ = {isa = PBXFileReference; fileEncoding = 4; lastKnownFileType = sourcecode.swift; path = ProfileViewController.swift; sourceTree = "<group>"; };
		28B298D91DD35B75007A5DD0 /* Videos.swift */ = {isa = PBXFileReference; fileEncoding = 4; lastKnownFileType = sourcecode.swift; path = Videos.swift; sourceTree = "<group>"; };
		28E110C51DD35D2100AA746E /* UserInfo.swift */ = {isa = PBXFileReference; fileEncoding = 4; lastKnownFileType = sourcecode.swift; path = UserInfo.swift; sourceTree = "<group>"; };
		28E1110B1DD3CB8400AA746E /* InstaSinger.entitlements */ = {isa = PBXFileReference; lastKnownFileType = text.plist.entitlements; path = InstaSinger.entitlements; sourceTree = "<group>"; };
		28E1110E1DD3E8B900AA746E /* CustomTabBarViewController.swift */ = {isa = PBXFileReference; fileEncoding = 4; lastKnownFileType = sourcecode.swift; path = CustomTabBarViewController.swift; sourceTree = "<group>"; };
		9C42A8521F4320401922C4FE /* Pods-InstaSinger.release.xcconfig */ = {isa = PBXFileReference; includeInIndex = 1; lastKnownFileType = text.xcconfig; name = "Pods-InstaSinger.release.xcconfig"; path = "Pods/Target Support Files/Pods-InstaSinger/Pods-InstaSinger.release.xcconfig"; sourceTree = "<group>"; };
		B05808F6D4ACFC61B1AD10FD /* Pods-InstaSinger.debug.xcconfig */ = {isa = PBXFileReference; includeInIndex = 1; lastKnownFileType = text.xcconfig; name = "Pods-InstaSinger.debug.xcconfig"; path = "Pods/Target Support Files/Pods-InstaSinger/Pods-InstaSinger.debug.xcconfig"; sourceTree = "<group>"; };
/* End PBXFileReference section */

/* Begin PBXFrameworksBuildPhase section */
		2862925D1DCF50860049D3A8 /* Frameworks */ = {
			isa = PBXFrameworksBuildPhase;
			buildActionMask = 2147483647;
			files = (
				07DA550E70F0403D33FA8654 /* Pods_InstaSinger.framework in Frameworks */,
			);
			runOnlyForDeploymentPostprocessing = 0;
		};
/* End PBXFrameworksBuildPhase section */

/* Begin PBXGroup section */
		286292571DCF50860049D3A8 = {
			isa = PBXGroup;
			children = (
				286292621DCF50860049D3A8 /* InstaSinger */,
				286292611DCF50860049D3A8 /* Products */,
				E78F0AC3967EBC3474570A04 /* Pods */,
				6053884FFA64BC6CBAAACF11 /* Frameworks */,
			);
			sourceTree = "<group>";
		};
		286292611DCF50860049D3A8 /* Products */ = {
			isa = PBXGroup;
			children = (
				286292601DCF50860049D3A8 /* InstaSinger.app */,
			);
			name = Products;
			sourceTree = "<group>";
		};
		286292621DCF50860049D3A8 /* InstaSinger */ = {
			isa = PBXGroup;
			children = (
				28E1110B1DD3CB8400AA746E /* InstaSinger.entitlements */,
				28B298D81DD35B68007A5DD0 /* Models */,
				286292631DCF50860049D3A8 /* AppDelegate.swift */,
				286292651DCF50860049D3A8 /* ViewController.swift */,
				286292671DCF50860049D3A8 /* Main.storyboard */,
				2862926D1DCF50860049D3A8 /* Assets.xcassets */,
				2862926F1DCF50860049D3A8 /* LaunchScreen.storyboard */,
				286292721DCF50860049D3A8 /* Info.plist */,
				286709011DD4E2800003CA42 /* InstaSinger.xcdatamodeld */,
				286292781DCF513D0049D3A8 /* CameraViewController.swift */,
				2862927A1DCF51EE0049D3A8 /* DraggableThumbnail.swift */,
				286709041DD4E3410003CA42 /* GoogleService-Info.plist */,
				2862927C1DCF6A220049D3A8 /* Thumbnail.swift */,
				282487E91DCFCDE1001E3847 /* HomeViewController.swift */,
				2868374F1DD2838A00EC724F /* ProfileViewController.swift */,
				28E1110E1DD3E8B900AA746E /* CustomTabBarViewController.swift */,
			);
			path = InstaSinger;
			sourceTree = "<group>";
		};
		28B298D81DD35B68007A5DD0 /* Models */ = {
			isa = PBXGroup;
			children = (
				28B298D91DD35B75007A5DD0 /* Videos.swift */,
				28E110C51DD35D2100AA746E /* UserInfo.swift */,
			);
			name = Models;
			sourceTree = "<group>";
		};
		6053884FFA64BC6CBAAACF11 /* Frameworks */ = {
			isa = PBXGroup;
			children = (
				2836B8D405F31DDC8B464E6F /* Pods_InstaSinger.framework */,
			);
			name = Frameworks;
			sourceTree = "<group>";
		};
		E78F0AC3967EBC3474570A04 /* Pods */ = {
			isa = PBXGroup;
			children = (
				B05808F6D4ACFC61B1AD10FD /* Pods-InstaSinger.debug.xcconfig */,
				9C42A8521F4320401922C4FE /* Pods-InstaSinger.release.xcconfig */,
			);
			name = Pods;
			sourceTree = "<group>";
		};
/* End PBXGroup section */

/* Begin PBXNativeTarget section */
		2862925F1DCF50860049D3A8 /* InstaSinger */ = {
			isa = PBXNativeTarget;
			buildConfigurationList = 286292751DCF50860049D3A8 /* Build configuration list for PBXNativeTarget "InstaSinger" */;
			buildPhases = (
				21B6C1D6C90A55928338A577 /* [CP] Check Pods Manifest.lock */,
				2862925C1DCF50860049D3A8 /* Sources */,
				2862925D1DCF50860049D3A8 /* Frameworks */,
				2862925E1DCF50860049D3A8 /* Resources */,
				6939327060984B9ED2AD59F7 /* [CP] Embed Pods Frameworks */,
				ED3AEDA9F2C37131902FA567 /* [CP] Copy Pods Resources */,
			);
			buildRules = (
			);
			dependencies = (
			);
			name = InstaSinger;
			productName = InstaSinger;
			productReference = 286292601DCF50860049D3A8 /* InstaSinger.app */;
			productType = "com.apple.product-type.application";
		};
/* End PBXNativeTarget section */

/* Begin PBXProject section */
		286292581DCF50860049D3A8 /* Project object */ = {
			isa = PBXProject;
			attributes = {
				LastSwiftUpdateCheck = 0810;
				LastUpgradeCheck = 0810;
				ORGANIZATIONNAME = "Bechir Kaddech";
				TargetAttributes = {
					2862925F1DCF50860049D3A8 = {
						CreatedOnToolsVersion = 8.1;
						DevelopmentTeam = K67N7CU2TX;
						ProvisioningStyle = Automatic;
						SystemCapabilities = {
							com.apple.Keychain = {
								enabled = 1;
							};
						};
					};
				};
			};
			buildConfigurationList = 2862925B1DCF50860049D3A8 /* Build configuration list for PBXProject "InstaSinger" */;
			compatibilityVersion = "Xcode 3.2";
			developmentRegion = English;
			hasScannedForEncodings = 0;
			knownRegions = (
				en,
				Base,
			);
			mainGroup = 286292571DCF50860049D3A8;
			productRefGroup = 286292611DCF50860049D3A8 /* Products */;
			projectDirPath = "";
			projectRoot = "";
			targets = (
				2862925F1DCF50860049D3A8 /* InstaSinger */,
			);
		};
/* End PBXProject section */

/* Begin PBXResourcesBuildPhase section */
		2862925E1DCF50860049D3A8 /* Resources */ = {
			isa = PBXResourcesBuildPhase;
			buildActionMask = 2147483647;
			files = (
				286292711DCF50860049D3A8 /* LaunchScreen.storyboard in Resources */,
				286709051DD4E3410003CA42 /* GoogleService-Info.plist in Resources */,
				2862926E1DCF50860049D3A8 /* Assets.xcassets in Resources */,
				286292691DCF50860049D3A8 /* Main.storyboard in Resources */,
			);
			runOnlyForDeploymentPostprocessing = 0;
		};
/* End PBXResourcesBuildPhase section */

/* Begin PBXShellScriptBuildPhase section */
		21B6C1D6C90A55928338A577 /* [CP] Check Pods Manifest.lock */ = {
			isa = PBXShellScriptBuildPhase;
			buildActionMask = 2147483647;
			files = (
			);
			inputPaths = (
			);
			name = "[CP] Check Pods Manifest.lock";
			outputPaths = (
			);
			runOnlyForDeploymentPostprocessing = 0;
			shellPath = /bin/sh;
			shellScript = "diff \"${PODS_ROOT}/../Podfile.lock\" \"${PODS_ROOT}/Manifest.lock\" > /dev/null\nif [ $? != 0 ] ; then\n    # print error to STDERR\n    echo \"error: The sandbox is not in sync with the Podfile.lock. Run 'pod install' or update your CocoaPods installation.\" >&2\n    exit 1\nfi\n";
			showEnvVarsInLog = 0;
		};
		6939327060984B9ED2AD59F7 /* [CP] Embed Pods Frameworks */ = {
			isa = PBXShellScriptBuildPhase;
			buildActionMask = 2147483647;
			files = (
			);
			inputPaths = (
			);
			name = "[CP] Embed Pods Frameworks";
			outputPaths = (
			);
			runOnlyForDeploymentPostprocessing = 0;
			shellPath = /bin/sh;
			shellScript = "\"${SRCROOT}/Pods/Target Support Files/Pods-InstaSinger/Pods-InstaSinger-frameworks.sh\"\n";
			showEnvVarsInLog = 0;
		};
		ED3AEDA9F2C37131902FA567 /* [CP] Copy Pods Resources */ = {
			isa = PBXShellScriptBuildPhase;
			buildActionMask = 2147483647;
			files = (
			);
			inputPaths = (
			);
			name = "[CP] Copy Pods Resources";
			outputPaths = (
			);
			runOnlyForDeploymentPostprocessing = 0;
			shellPath = /bin/sh;
			shellScript = "\"${SRCROOT}/Pods/Target Support Files/Pods-InstaSinger/Pods-InstaSinger-resources.sh\"\n";
			showEnvVarsInLog = 0;
		};
/* End PBXShellScriptBuildPhase section */

/* Begin PBXSourcesBuildPhase section */
		2862925C1DCF50860049D3A8 /* Sources */ = {
			isa = PBXSourcesBuildPhase;
			buildActionMask = 2147483647;
			files = (
				286709031DD4E2800003CA42 /* InstaSinger.xcdatamodeld in Sources */,
				286292661DCF50860049D3A8 /* ViewController.swift in Sources */,
				2862927B1DCF51EE0049D3A8 /* DraggableThumbnail.swift in Sources */,
				28E1110F1DD3E8B900AA746E /* CustomTabBarViewController.swift in Sources */,
				286837501DD2838A00EC724F /* ProfileViewController.swift in Sources */,
				282487EA1DCFCDE1001E3847 /* HomeViewController.swift in Sources */,
				2862927D1DCF6A220049D3A8 /* Thumbnail.swift in Sources */,
				286292791DCF513D0049D3A8 /* CameraViewController.swift in Sources */,
				28B298DA1DD35B75007A5DD0 /* Videos.swift in Sources */,
				286292641DCF50860049D3A8 /* AppDelegate.swift in Sources */,
				28E110C61DD35D2100AA746E /* UserInfo.swift in Sources */,
			);
			runOnlyForDeploymentPostprocessing = 0;
		};
/* End PBXSourcesBuildPhase section */

/* Begin PBXVariantGroup section */
		286292671DCF50860049D3A8 /* Main.storyboard */ = {
			isa = PBXVariantGroup;
			children = (
				286292681DCF50860049D3A8 /* Base */,
			);
			name = Main.storyboard;
			sourceTree = "<group>";
		};
		2862926F1DCF50860049D3A8 /* LaunchScreen.storyboard */ = {
			isa = PBXVariantGroup;
			children = (
				286292701DCF50860049D3A8 /* Base */,
			);
			name = LaunchScreen.storyboard;
			sourceTree = "<group>";
		};
/* End PBXVariantGroup section */

/* Begin XCBuildConfiguration section */
		286292731DCF50860049D3A8 /* Debug */ = {
			isa = XCBuildConfiguration;
			buildSettings = {
				ALWAYS_SEARCH_USER_PATHS = NO;
				CLANG_ANALYZER_NONNULL = YES;
				CLANG_CXX_LANGUAGE_STANDARD = "gnu++0x";
				CLANG_CXX_LIBRARY = "libc++";
				CLANG_ENABLE_MODULES = YES;
				CLANG_ENABLE_OBJC_ARC = YES;
				CLANG_WARN_BOOL_CONVERSION = YES;
				CLANG_WARN_CONSTANT_CONVERSION = YES;
				CLANG_WARN_DIRECT_OBJC_ISA_USAGE = YES_ERROR;
				CLANG_WARN_DOCUMENTATION_COMMENTS = YES;
				CLANG_WARN_EMPTY_BODY = YES;
				CLANG_WARN_ENUM_CONVERSION = YES;
				CLANG_WARN_INFINITE_RECURSION = YES;
				CLANG_WARN_INT_CONVERSION = YES;
				CLANG_WARN_OBJC_ROOT_CLASS = YES_ERROR;
				CLANG_WARN_SUSPICIOUS_MOVES = YES;
				CLANG_WARN_UNREACHABLE_CODE = YES;
				CLANG_WARN__DUPLICATE_METHOD_MATCH = YES;
				"CODE_SIGN_IDENTITY[sdk=iphoneos*]" = "iPhone Developer";
				COPY_PHASE_STRIP = NO;
				DEBUG_INFORMATION_FORMAT = dwarf;
				ENABLE_STRICT_OBJC_MSGSEND = YES;
				ENABLE_TESTABILITY = YES;
				GCC_C_LANGUAGE_STANDARD = gnu99;
				GCC_DYNAMIC_NO_PIC = NO;
				GCC_NO_COMMON_BLOCKS = YES;
				GCC_OPTIMIZATION_LEVEL = 0;
				GCC_PREPROCESSOR_DEFINITIONS = (
					"DEBUG=1",
					"$(inherited)",
				);
				GCC_WARN_64_TO_32_BIT_CONVERSION = YES;
				GCC_WARN_ABOUT_RETURN_TYPE = YES_ERROR;
				GCC_WARN_UNDECLARED_SELECTOR = YES;
				GCC_WARN_UNINITIALIZED_AUTOS = YES_AGGRESSIVE;
				GCC_WARN_UNUSED_FUNCTION = YES;
				GCC_WARN_UNUSED_VARIABLE = YES;
				IPHONEOS_DEPLOYMENT_TARGET = 10.1;
				MTL_ENABLE_DEBUG_INFO = YES;
				ONLY_ACTIVE_ARCH = YES;
				SDKROOT = iphoneos;
				SWIFT_ACTIVE_COMPILATION_CONDITIONS = DEBUG;
				SWIFT_OPTIMIZATION_LEVEL = "-Onone";
			};
			name = Debug;
		};
		286292741DCF50860049D3A8 /* Release */ = {
			isa = XCBuildConfiguration;
			buildSettings = {
				ALWAYS_SEARCH_USER_PATHS = NO;
				CLANG_ANALYZER_NONNULL = YES;
				CLANG_CXX_LANGUAGE_STANDARD = "gnu++0x";
				CLANG_CXX_LIBRARY = "libc++";
				CLANG_ENABLE_MODULES = YES;
				CLANG_ENABLE_OBJC_ARC = YES;
				CLANG_WARN_BOOL_CONVERSION = YES;
				CLANG_WARN_CONSTANT_CONVERSION = YES;
				CLANG_WARN_DIRECT_OBJC_ISA_USAGE = YES_ERROR;
				CLANG_WARN_DOCUMENTATION_COMMENTS = YES;
				CLANG_WARN_EMPTY_BODY = YES;
				CLANG_WARN_ENUM_CONVERSION = YES;
				CLANG_WARN_INFINITE_RECURSION = YES;
				CLANG_WARN_INT_CONVERSION = YES;
				CLANG_WARN_OBJC_ROOT_CLASS = YES_ERROR;
				CLANG_WARN_SUSPICIOUS_MOVES = YES;
				CLANG_WARN_UNREACHABLE_CODE = YES;
				CLANG_WARN__DUPLICATE_METHOD_MATCH = YES;
				"CODE_SIGN_IDENTITY[sdk=iphoneos*]" = "iPhone Developer";
				COPY_PHASE_STRIP = NO;
				DEBUG_INFORMATION_FORMAT = "dwarf-with-dsym";
				ENABLE_NS_ASSERTIONS = NO;
				ENABLE_STRICT_OBJC_MSGSEND = YES;
				GCC_C_LANGUAGE_STANDARD = gnu99;
				GCC_NO_COMMON_BLOCKS = YES;
				GCC_WARN_64_TO_32_BIT_CONVERSION = YES;
				GCC_WARN_ABOUT_RETURN_TYPE = YES_ERROR;
				GCC_WARN_UNDECLARED_SELECTOR = YES;
				GCC_WARN_UNINITIALIZED_AUTOS = YES_AGGRESSIVE;
				GCC_WARN_UNUSED_FUNCTION = YES;
				GCC_WARN_UNUSED_VARIABLE = YES;
				IPHONEOS_DEPLOYMENT_TARGET = 10.1;
				MTL_ENABLE_DEBUG_INFO = NO;
				SDKROOT = iphoneos;
				SWIFT_OPTIMIZATION_LEVEL = "-Owholemodule";
				VALIDATE_PRODUCT = YES;
			};
			name = Release;
		};
		286292761DCF50860049D3A8 /* Debug */ = {
			isa = XCBuildConfiguration;
			baseConfigurationReference = B05808F6D4ACFC61B1AD10FD /* Pods-InstaSinger.debug.xcconfig */;
			buildSettings = {
				ASSETCATALOG_COMPILER_APPICON_NAME = AppIcon;
				CODE_SIGN_ENTITLEMENTS = InstaSinger/InstaSinger.entitlements;
				DEVELOPMENT_TEAM = K67N7CU2TX;
				INFOPLIST_FILE = InstaSinger/Info.plist;
				LD_RUNPATH_SEARCH_PATHS = "$(inherited) @executable_path/Frameworks";
				PRODUCT_BUNDLE_IDENTIFIER = Bachra.InstaSinger;
				PRODUCT_NAME = "$(TARGET_NAME)";
				SWIFT_VERSION = 3.0;
			};
			name = Debug;
		};
		286292771DCF50860049D3A8 /* Release */ = {
			isa = XCBuildConfiguration;
			baseConfigurationReference = 9C42A8521F4320401922C4FE /* Pods-InstaSinger.release.xcconfig */;
			buildSettings = {
				ASSETCATALOG_COMPILER_APPICON_NAME = AppIcon;
				CODE_SIGN_ENTITLEMENTS = InstaSinger/InstaSinger.entitlements;
				DEVELOPMENT_TEAM = K67N7CU2TX;
				INFOPLIST_FILE = InstaSinger/Info.plist;
				LD_RUNPATH_SEARCH_PATHS = "$(inherited) @executable_path/Frameworks";
				PRODUCT_BUNDLE_IDENTIFIER = Bachra.InstaSinger;
				PRODUCT_NAME = "$(TARGET_NAME)";
				SWIFT_VERSION = 3.0;
			};
			name = Release;
		};
/* End XCBuildConfiguration section */

/* Begin XCConfigurationList section */
		2862925B1DCF50860049D3A8 /* Build configuration list for PBXProject "InstaSinger" */ = {
			isa = XCConfigurationList;
			buildConfigurations = (
				286292731DCF50860049D3A8 /* Debug */,
				286292741DCF50860049D3A8 /* Release */,
			);
			defaultConfigurationIsVisible = 0;
			defaultConfigurationName = Release;
		};
		286292751DCF50860049D3A8 /* Build configuration list for PBXNativeTarget "InstaSinger" */ = {
			isa = XCConfigurationList;
			buildConfigurations = (
				286292761DCF50860049D3A8 /* Debug */,
				286292771DCF50860049D3A8 /* Release */,
			);
			defaultConfigurationIsVisible = 0;
			defaultConfigurationName = Release;
		};
/* End XCConfigurationList section */

/* Begin XCVersionGroup section */
		286709011DD4E2800003CA42 /* InstaSinger.xcdatamodeld */ = {
			isa = XCVersionGroup;
			children = (
				286709021DD4E2800003CA42 /* InstaSinger.xcdatamodel */,
			);
			currentVersion = 286709021DD4E2800003CA42 /* InstaSinger.xcdatamodel */;
			path = InstaSinger.xcdatamodeld;
			sourceTree = "<group>";
			versionGroupType = wrapper.xcdatamodel;
		};
/* End XCVersionGroup section */
	};
	rootObject = 286292581DCF50860049D3A8 /* Project object */;
}
